
Microsoft Visual Studio Solution File, Format Version 12.00
# Visual Studio Version 17
VisualStudioVersion = 17.14.36717.8 d17.14
MinimumVisualStudioVersion = 10.0.40219.1
Project("{FAE04EC0-301F-11D3-BF4B-00C04F79EFBC}") = "ChoiceDealing", "ChoiceDealing.csproj", "{9C138AFD-D11B-4045-8D96-4BF031432061}"
EndProject
Global
	GlobalSection(SolutionConfigurationPlatforms) = preSolution
		Debug|Any CPU = Debug|Any CPU
		Release|Any CPU = Release|Any CPU
	EndGlobalSection
	GlobalSection(ProjectConfigurationPlatforms) = postSolution
		{9C138AFD-D11B-4045-8D96-4BF031432061}.Debug|Any CPU.ActiveCfg = Debug|Any CPU
		{9C138AFD-D11B-4045-8D96-4BF031432061}.Debug|Any CPU.Build.0 = Debug|Any CPU
		{9C138AFD-D11B-4045-8D96-4BF031432061}.Release|Any CPU.ActiveCfg = Release|Any CPU
		{9C138AFD-D11B-4045-8D96-4BF031432061}.Release|Any CPU.Build.0 = Release|Any CPU
	EndGlobalSection
	GlobalSection(SolutionProperties) = preSolution
		HideSolutionNode = FALSE
	EndGlobalSection
	GlobalSection(ExtensibilityGlobals) = postSolution
		SolutionGuid = {7F4F9DFB-68BF-4634-80D4-0D9539C7F593}
	EndGlobalSection
EndGlobal
